
Microsoft Visual Studio Solution File, Format Version 12.00
# Visual Studio 15
VisualStudioVersion = 15.0.28307.421
MinimumVisualStudioVersion = 10.0.40219.1
Project("{FAE04EC0-301F-11D3-BF4B-00C04F79EFBC}") = "WebApp", "WebApp\WebApp.csproj", "{692C8E25-ACF1-4A85-B598-D3BDA9D5C7A1}"
EndProject
Project("{FAE04EC0-301F-11D3-BF4B-00C04F79EFBC}") = "WebApp.Tests", "WebApp.Tests\WebApp.Tests.csproj", "{101D0296-6215-4270-9837-AEA2F9B5303E}"
EndProject
Project("{2150E333-8FDC-42A3-9474-1A3956D46DE8}") = "App", "App", "{16C2A39A-7840-4BAB-AB58-148836F8AEB2}"
EndProject
Project("{2150E333-8FDC-42A3-9474-1A3956D46DE8}") = "Service", "Service", "{464FCB79-0560-427F-A307-5ACBF279ED85}"
EndProject
Project("{2150E333-8FDC-42A3-9474-1A3956D46DE8}") = "Domain", "Domain", "{011A98BA-B5CD-4711-AD19-3E5BF77CA530}"
EndProject
Project("{FAE04EC0-301F-11D3-BF4B-00C04F79EFBC}") = "WebApp.Domain.Entities", "WebApp.Domain.Entities\WebApp.Domain.Entities.csproj", "{8070BD56-CAC6-4C39-9C50-FE989B4DB025}"
EndProject
Project("{FAE04EC0-301F-11D3-BF4B-00C04F79EFBC}") = "WebApp.Domain.DataContext", "WebApp.Domain.DataContext\WebApp.Domain.DataContext.csproj", "{3A79776A-88ED-47F8-A9C1-658D0722CA11}"
EndProject
Project("{FAE04EC0-301F-11D3-BF4B-00C04F79EFBC}") = "WebApp.Domain.Interfaces", "WebApp.Domain.Interfaces\WebApp.Domain.Interfaces.csproj", "{BF57B82A-F03E-4C0B-BF25-853E28064D1C}"
EndProject
Project("{FAE04EC0-301F-11D3-BF4B-00C04F79EFBC}") = "WebApp.Service.Services", "WebApp.Service.Services\WebApp.Service.Services.csproj", "{48998F59-82AB-45F2-A95A-FDB979BD5809}"
EndProject
Project("{2150E333-8FDC-42A3-9474-1A3956D46DE8}") = "Test", "Test", "{F30E9D1C-130E-4375-8E85-8A59AF3B92C1}"
EndProject
Project("{2150E333-8FDC-42A3-9474-1A3956D46DE8}") = "DAC", "DAC", "{CB2BEB92-9E60-4205-BCAC-8512563315CD}"
EndProject
Project("{FAE04EC0-301F-11D3-BF4B-00C04F79EFBC}") = "WebApp.DAC.DataAccess", "WebApp.DAC\WebApp.DAC.DataAccess.csproj", "{9A14F3A1-55A2-44E2-AB8B-D0E91271174E}"
EndProject
Global
	GlobalSection(SolutionConfigurationPlatforms) = preSolution
		Debug|Any CPU = Debug|Any CPU
		Release|Any CPU = Release|Any CPU
	EndGlobalSection
	GlobalSection(ProjectConfigurationPlatforms) = postSolution
		{692C8E25-ACF1-4A85-B598-D3BDA9D5C7A1}.Debug|Any CPU.ActiveCfg = Debug|Any CPU
		{692C8E25-ACF1-4A85-B598-D3BDA9D5C7A1}.Debug|Any CPU.Build.0 = Debug|Any CPU
		{692C8E25-ACF1-4A85-B598-D3BDA9D5C7A1}.Release|Any CPU.ActiveCfg = Release|Any CPU
		{692C8E25-ACF1-4A85-B598-D3BDA9D5C7A1}.Release|Any CPU.Build.0 = Release|Any CPU
		{101D0296-6215-4270-9837-AEA2F9B5303E}.Debug|Any CPU.ActiveCfg = Debug|Any CPU
		{101D0296-6215-4270-9837-AEA2F9B5303E}.Debug|Any CPU.Build.0 = Debug|Any CPU
		{101D0296-6215-4270-9837-AEA2F9B5303E}.Release|Any CPU.ActiveCfg = Release|Any CPU
		{101D0296-6215-4270-9837-AEA2F9B5303E}.Release|Any CPU.Build.0 = Release|Any CPU
		{8070BD56-CAC6-4C39-9C50-FE989B4DB025}.Debug|Any CPU.ActiveCfg = Debug|Any CPU
		{8070BD56-CAC6-4C39-9C50-FE989B4DB025}.Debug|Any CPU.Build.0 = Debug|Any CPU
		{8070BD56-CAC6-4C39-9C50-FE989B4DB025}.Release|Any CPU.ActiveCfg = Release|Any CPU
		{8070BD56-CAC6-4C39-9C50-FE989B4DB025}.Release|Any CPU.Build.0 = Release|Any CPU
		{3A79776A-88ED-47F8-A9C1-658D0722CA11}.Debug|Any CPU.ActiveCfg = Debug|Any CPU
		{3A79776A-88ED-47F8-A9C1-658D0722CA11}.Debug|Any CPU.Build.0 = Debug|Any CPU
		{3A79776A-88ED-47F8-A9C1-658D0722CA11}.Release|Any CPU.ActiveCfg = Release|Any CPU
		{3A79776A-88ED-47F8-A9C1-658D0722CA11}.Release|Any CPU.Build.0 = Release|Any CPU
		{BF57B82A-F03E-4C0B-BF25-853E28064D1C}.Debug|Any CPU.ActiveCfg = Debug|Any CPU
		{BF57B82A-F03E-4C0B-BF25-853E28064D1C}.Debug|Any CPU.Build.0 = Debug|Any CPU
		{BF57B82A-F03E-4C0B-BF25-853E28064D1C}.Release|Any CPU.ActiveCfg = Release|Any CPU
		{BF57B82A-F03E-4C0B-BF25-853E28064D1C}.Release|Any CPU.Build.0 = Release|Any CPU
		{48998F59-82AB-45F2-A95A-FDB979BD5809}.Debug|Any CPU.ActiveCfg = Debug|Any CPU
		{48998F59-82AB-45F2-A95A-FDB979BD5809}.Debug|Any CPU.Build.0 = Debug|Any CPU
		{48998F59-82AB-45F2-A95A-FDB979BD5809}.Release|Any CPU.ActiveCfg = Release|Any CPU
		{48998F59-82AB-45F2-A95A-FDB979BD5809}.Release|Any CPU.Build.0 = Release|Any CPU
		{9A14F3A1-55A2-44E2-AB8B-D0E91271174E}.Debug|Any CPU.ActiveCfg = Debug|Any CPU
		{9A14F3A1-55A2-44E2-AB8B-D0E91271174E}.Debug|Any CPU.Build.0 = Debug|Any CPU
		{9A14F3A1-55A2-44E2-AB8B-D0E91271174E}.Release|Any CPU.ActiveCfg = Release|Any CPU
		{9A14F3A1-55A2-44E2-AB8B-D0E91271174E}.Release|Any CPU.Build.0 = Release|Any CPU
	EndGlobalSection
	GlobalSection(SolutionProperties) = preSolution
		HideSolutionNode = FALSE
	EndGlobalSection
	GlobalSection(NestedProjects) = preSolution
		{692C8E25-ACF1-4A85-B598-D3BDA9D5C7A1} = {16C2A39A-7840-4BAB-AB58-148836F8AEB2}
		{101D0296-6215-4270-9837-AEA2F9B5303E} = {F30E9D1C-130E-4375-8E85-8A59AF3B92C1}
		{8070BD56-CAC6-4C39-9C50-FE989B4DB025} = {011A98BA-B5CD-4711-AD19-3E5BF77CA530}
		{3A79776A-88ED-47F8-A9C1-658D0722CA11} = {011A98BA-B5CD-4711-AD19-3E5BF77CA530}
		{BF57B82A-F03E-4C0B-BF25-853E28064D1C} = {011A98BA-B5CD-4711-AD19-3E5BF77CA530}
		{48998F59-82AB-45F2-A95A-FDB979BD5809} = {464FCB79-0560-427F-A307-5ACBF279ED85}
		{9A14F3A1-55A2-44E2-AB8B-D0E91271174E} = {CB2BEB92-9E60-4205-BCAC-8512563315CD}
	EndGlobalSection
	GlobalSection(ExtensibilityGlobals) = postSolution
		SolutionGuid = {365FC5AF-C3E9-4F1C-99AB-F082BD171F95}
	EndGlobalSection
EndGlobal
